
Microsoft Visual Studio Solution File, Format Version 12.00
Project("{2150E333-8FDC-42A3-9474-1A3956D46DE8}") = "src", "src", "{D43F0BAD-AC54-4CE9-8459-75AF067033E5}"
EndProject
Project("{FAE04EC0-301F-11D3-BF4B-00C04F79EFBC}") = "AppDomain", "AppDomain\AppDomain.csproj", "{864F3AEB-9685-4B4B-87F5-3C6CE44EB3FE}"
EndProject
Project("{FAE04EC0-301F-11D3-BF4B-00C04F79EFBC}") = "Application", "Application\Application.csproj", "{42E8D848-7BE0-476F-A051-98F2A62E6496}"
EndProject
Project("{FAE04EC0-301F-11D3-BF4B-00C04F79EFBC}") = "Infrastructure", "Infrastructure\Infrastructure.csproj", "{94588825-A580-4AA0-B661-530544EB4D0F}"
EndProject
Project("{FAE04EC0-301F-11D3-BF4B-00C04F79EFBC}") = "Web", "Web\Web.csproj", "{C5E60A9E-B6EC-433F-BEF6-D09760360DD0}"
EndProject
Project("{2150E333-8FDC-42A3-9474-1A3956D46DE8}") = "tests", "tests", "{35BA57CC-70E1-40AC-90EE-614E932BA2DD}"
EndProject
Project("{FAE04EC0-301F-11D3-BF4B-00C04F79EFBC}") = "AppDomain.UnitTests", "AppDomain.UnitTests\AppDomain.UnitTests.csproj", "{FE2B76A5-4C50-4253-BF31-6F3209A321D1}"
EndProject
Project("{FAE04EC0-301F-11D3-BF4B-00C04F79EFBC}") = "Application.UnitTests", "Application.UnitTests\Application.UnitTests.csproj", "{D4B6C625-FA90-4B26-82DC-C0EFA8F6A704}"
EndProject
Project("{FAE04EC0-301F-11D3-BF4B-00C04F79EFBC}") = "Infrastructure.IntegrationTests", "Infrastructure.IntegrationTests\Infrastructure.IntegrationTests.csproj", "{645FFAE7-BFF2-4592-9495-7695484D3EFD}"
EndProject
Project("{FAE04EC0-301F-11D3-BF4B-00C04F79EFBC}") = "Web.IntegrationTests", "Web.IntegrationTests\Web.IntegrationTests.csproj", "{11E61F7F-B81E-49AF-8E56-A8BFA71B62DC}"
EndProject
Global
	GlobalSection(SolutionConfigurationPlatforms) = preSolution
		Debug|Any CPU = Debug|Any CPU
		Release|Any CPU = Release|Any CPU
	EndGlobalSection
	GlobalSection(ProjectConfigurationPlatforms) = postSolution
		{864F3AEB-9685-4B4B-87F5-3C6CE44EB3FE}.Debug|Any CPU.ActiveCfg = Debug|Any CPU
		{864F3AEB-9685-4B4B-87F5-3C6CE44EB3FE}.Debug|Any CPU.Build.0 = Debug|Any CPU
		{864F3AEB-9685-4B4B-87F5-3C6CE44EB3FE}.Release|Any CPU.ActiveCfg = Release|Any CPU
		{864F3AEB-9685-4B4B-87F5-3C6CE44EB3FE}.Release|Any CPU.Build.0 = Release|Any CPU
		{42E8D848-7BE0-476F-A051-98F2A62E6496}.Debug|Any CPU.ActiveCfg = Debug|Any CPU
		{42E8D848-7BE0-476F-A051-98F2A62E6496}.Debug|Any CPU.Build.0 = Debug|Any CPU
		{42E8D848-7BE0-476F-A051-98F2A62E6496}.Release|Any CPU.ActiveCfg = Release|Any CPU
		{42E8D848-7BE0-476F-A051-98F2A62E6496}.Release|Any CPU.Build.0 = Release|Any CPU
		{94588825-A580-4AA0-B661-530544EB4D0F}.Debug|Any CPU.ActiveCfg = Debug|Any CPU
		{94588825-A580-4AA0-B661-530544EB4D0F}.Debug|Any CPU.Build.0 = Debug|Any CPU
		{94588825-A580-4AA0-B661-530544EB4D0F}.Release|Any CPU.ActiveCfg = Release|Any CPU
		{94588825-A580-4AA0-B661-530544EB4D0F}.Release|Any CPU.Build.0 = Release|Any CPU
		{C5E60A9E-B6EC-433F-BEF6-D09760360DD0}.Debug|Any CPU.ActiveCfg = Debug|Any CPU
		{C5E60A9E-B6EC-433F-BEF6-D09760360DD0}.Debug|Any CPU.Build.0 = Debug|Any CPU
		{C5E60A9E-B6EC-433F-BEF6-D09760360DD0}.Release|Any CPU.ActiveCfg = Release|Any CPU
		{C5E60A9E-B6EC-433F-BEF6-D09760360DD0}.Release|Any CPU.Build.0 = Release|Any CPU
		{FE2B76A5-4C50-4253-BF31-6F3209A321D1}.Debug|Any CPU.ActiveCfg = Debug|Any CPU
		{FE2B76A5-4C50-4253-BF31-6F3209A321D1}.Debug|Any CPU.Build.0 = Debug|Any CPU
		{FE2B76A5-4C50-4253-BF31-6F3209A321D1}.Release|Any CPU.ActiveCfg = Release|Any CPU
		{FE2B76A5-4C50-4253-BF31-6F3209A321D1}.Release|Any CPU.Build.0 = Release|Any CPU
		{D4B6C625-FA90-4B26-82DC-C0EFA8F6A704}.Debug|Any CPU.ActiveCfg = Debug|Any CPU
		{D4B6C625-FA90-4B26-82DC-C0EFA8F6A704}.Debug|Any CPU.Build.0 = Debug|Any CPU
		{D4B6C625-FA90-4B26-82DC-C0EFA8F6A704}.Release|Any CPU.ActiveCfg = Release|Any CPU
		{D4B6C625-FA90-4B26-82DC-C0EFA8F6A704}.Release|Any CPU.Build.0 = Release|Any CPU
		{645FFAE7-BFF2-4592-9495-7695484D3EFD}.Debug|Any CPU.ActiveCfg = Debug|Any CPU
		{645FFAE7-BFF2-4592-9495-7695484D3EFD}.Debug|Any CPU.Build.0 = Debug|Any CPU
		{645FFAE7-BFF2-4592-9495-7695484D3EFD}.Release|Any CPU.ActiveCfg = Release|Any CPU
		{645FFAE7-BFF2-4592-9495-7695484D3EFD}.Release|Any CPU.Build.0 = Release|Any CPU
		{11E61F7F-B81E-49AF-8E56-A8BFA71B62DC}.Debug|Any CPU.ActiveCfg = Debug|Any CPU
		{11E61F7F-B81E-49AF-8E56-A8BFA71B62DC}.Debug|Any CPU.Build.0 = Debug|Any CPU
		{11E61F7F-B81E-49AF-8E56-A8BFA71B62DC}.Release|Any CPU.ActiveCfg = Release|Any CPU
		{11E61F7F-B81E-49AF-8E56-A8BFA71B62DC}.Release|Any CPU.Build.0 = Release|Any CPU
	EndGlobalSection
	GlobalSection(NestedProjects) = preSolution
		{864F3AEB-9685-4B4B-87F5-3C6CE44EB3FE} = {D43F0BAD-AC54-4CE9-8459-75AF067033E5}
		{42E8D848-7BE0-476F-A051-98F2A62E6496} = {D43F0BAD-AC54-4CE9-8459-75AF067033E5}
		{94588825-A580-4AA0-B661-530544EB4D0F} = {D43F0BAD-AC54-4CE9-8459-75AF067033E5}
		{C5E60A9E-B6EC-433F-BEF6-D09760360DD0} = {D43F0BAD-AC54-4CE9-8459-75AF067033E5}
		{FE2B76A5-4C50-4253-BF31-6F3209A321D1} = {35BA57CC-70E1-40AC-90EE-614E932BA2DD}
		{D4B6C625-FA90-4B26-82DC-C0EFA8F6A704} = {35BA57CC-70E1-40AC-90EE-614E932BA2DD}
		{645FFAE7-BFF2-4592-9495-7695484D3EFD} = {35BA57CC-70E1-40AC-90EE-614E932BA2DD}
		{11E61F7F-B81E-49AF-8E56-A8BFA71B62DC} = {35BA57CC-70E1-40AC-90EE-614E932BA2DD}
	EndGlobalSection
EndGlobal
